<?xml version="1.0" encoding="utf-8"?>
<Project ToolsVersion="4.0" xmlns="http://schemas.microsoft.com/developer/msbuild/2003">
  <ItemGroup>
    <Filter Include="源文件">
      <UniqueIdentifier>{4FC737F1-C7A5-4376-A066-2A32D752A2FF}</UniqueIdentifier>
      <Extensions>cpp;c;cc;cxx;c++;cppm;ixx;def;odl;idl;hpj;bat;asm;asmx</Extensions>
    </Filter>
    <Filter Include="头文件">
      <UniqueIdentifier>{93995380-89BD-4b04-88EB-625FBE52EBFB}</UniqueIdentifier>
      <Extensions>h;hh;hpp;hxx;h++;hm;inl;inc;ipp;xsd</Extensions>
    </Filter>
    <Filter Include="Kiero">
      <UniqueIdentifier>{ace4cbd5-a56f-43fb-ba60-144a96ee9016}</UniqueIdentifier>
    </Filter>
    <Filter Include="Kiero\MinHook">
      <UniqueIdentifier>{551743c6-a12c-4544-8043-27d3a08882d4}</UniqueIdentifier>
    </Filter>
  </ItemGroup>
  <ItemGroup>
    <ClInclude Include="src\functions.h">
      <Filter>头文件</Filter>
    </ClInclude>
    <ClInclude Include="src\memory.h">
      <Filter>头文件</Filter>
    </ClInclude>
    <ClInclude Include="src\object.h">
      <Filter>头文件</Filter>
    </ClInclude>
    <ClInclude Include="src\orbwalker.h">
      <Filter>头文件</Filter>
    </ClInclude>
    <ClInclude Include="src\pad.h">
      <Filter>头文件</Filter>
    </ClInclude>
    <ClInclude Include="src\renderer.h">
      <Filter>头文件</Filter>
    </ClInclude>
    <ClInclude Include="src\objlist.h">
      <Filter>头文件</Filter>
    </ClInclude>
    <ClInclude Include="src\framework.h">
      <Filter>头文件</Filter>
    </ClInclude>
    <ClInclude Include="src\pch.h">
      <Filter>头文件</Filter>
    </ClInclude>
    <ClInclude Include="Kiero\kiero.h">
      <Filter>Kiero</Filter>
    </ClInclude>
    <ClInclude Include="Kiero\MinHook\include\MinHook.h">
      <Filter>Kiero\MinHook</Filter>
    </ClInclude>
    <ClInclude Include="Kiero\MinHook\src\buffer.h">
      <Filter>Kiero\MinHook</Filter>
    </ClInclude>
    <ClInclude Include="Kiero\MinHook\src\hde\hde32.h">
      <Filter>Kiero\MinHook</Filter>
    </ClInclude>
    <ClInclude Include="Kiero\MinHook\src\hde\hde64.h">
      <Filter>Kiero\MinHook</Filter>
    </ClInclude>
    <ClInclude Include="Kiero\MinHook\src\hde\pstdint.h">
      <Filter>Kiero\MinHook</Filter>
    </ClInclude>
    <ClInclude Include="Kiero\MinHook\src\hde\table32.h">
      <Filter>Kiero\MinHook</Filter>
    </ClInclude>
    <ClInclude Include="Kiero\MinHook\src\hde\table64.h">
      <Filter>Kiero\MinHook</Filter>
    </ClInclude>
    <ClInclude Include="Kiero\MinHook\src\trampoline.h">
      <Filter>Kiero\MinHook</Filter>
    </ClInclude>
  </ItemGroup>
  <ItemGroup>
    <ClCompile Include="src\dllmain.cpp">
      <Filter>源文件</Filter>
    </ClCompile>
    <ClCompile Include="src\functions.cpp">
      <Filter>源文件</Filter>
    </ClCompile>
    <ClCompile Include="src\memory.cpp">
      <Filter>源文件</Filter>
    </ClCompile>
    <ClCompile Include="src\object.cpp">
      <Filter>源文件</Filter>
    </ClCompile>
    <ClCompile Include="src\orbwalker.cpp">
      <Filter>源文件</Filter>
    </ClCompile>
    <ClCompile Include="src\renderer.cpp">
      <Filter>源文件</Filter>
    </ClCompile>
    <ClCompile Include="src\pch.cpp">
      <Filter>源文件</Filter>
    </ClCompile>
    <ClCompile Include="src\objlist.cpp">
      <Filter>源文件</Filter>
    </ClCompile>
    <ClCompile Include="Kiero\kiero.cpp">
      <Filter>Kiero</Filter>
    </ClCompile>
    <ClCompile Include="Kiero\MinHook\src\buffer.c">
      <Filter>Kiero\MinHook</Filter>
    </ClCompile>
    <ClCompile Include="Kiero\MinHook\src\hde\hde32.c">
      <Filter>Kiero\MinHook</Filter>
    </ClCompile>
    <ClCompile Include="Kiero\MinHook\src\hde\hde64.c">
      <Filter>Kiero\MinHook</Filter>
    </ClCompile>
    <ClCompile Include="Kiero\MinHook\src\hook.c">
      <Filter>Kiero\MinHook</Filter>
    </ClCompile>
    <ClCompile Include="Kiero\MinHook\src\trampoline.c">
      <Filter>Kiero\MinHook</Filter>
    </ClCompile>
  </ItemGroup>
  <ItemGroup>
    <None Include="Kiero\MinHook\dll_resources\MinHook.def">
      <Filter>Kiero\MinHook</Filter>
    </None>
  </ItemGroup>
  <ItemGroup>
    <ResourceCompile Include="Kiero\MinHook\dll_resources\MinHook.rc">
      <Filter>Kiero\MinHook</Filter>
    </ResourceCompile>
  </ItemGroup>
</Project>