
Microsoft Visual Studio Solution File, Format Version 12.00
# Visual Studio Version 17
VisualStudioVersion = 17.6.33829.357
MinimumVisualStudioVersion = 10.0.40219.1
Project("{8BC9CEB8-8B4A-11D0-8D11-00A0C91BC942}") = "OrbWalker", "OrbWalker\OrbWalker.vcxproj", "{0B784A68-F260-496A-B10C-6EAFADA6F9F5}"
EndProject
Project("{8BC9CEB8-8B4A-11D0-8D11-00A0C91BC942}") = "ImGui", "ImGui\ImGui.vcxproj", "{F6D942C4-23E6-4FE2-960E-044B848918F2}"
EndProject
Global
	GlobalSection(SolutionConfigurationPlatforms) = preSolution
		Debug|x64 = Debug|x64
		Debug|x86 = Debug|x86
		Release|x64 = Release|x64
		Release|x86 = Release|x86
	EndGlobalSection
	GlobalSection(ProjectConfigurationPlatforms) = postSolution
		{0B784A68-F260-496A-B10C-6EAFADA6F9F5}.Debug|x64.ActiveCfg = Release|x64
		{0B784A68-F260-496A-B10C-6EAFADA6F9F5}.Debug|x64.Build.0 = Release|x64
		{0B784A68-F260-496A-B10C-6EAFADA6F9F5}.Debug|x86.ActiveCfg = Release|x64
		{0B784A68-F260-496A-B10C-6EAFADA6F9F5}.Debug|x86.Build.0 = Release|x64
		{0B784A68-F260-496A-B10C-6EAFADA6F9F5}.Release|x64.ActiveCfg = Release|x64
		{0B784A68-F260-496A-B10C-6EAFADA6F9F5}.Release|x64.Build.0 = Release|x64
		{0B784A68-F260-496A-B10C-6EAFADA6F9F5}.Release|x86.ActiveCfg = Release|x64
		{0B784A68-F260-496A-B10C-6EAFADA6F9F5}.Release|x86.Build.0 = Release|x64
		{F6D942C4-23E6-4FE2-960E-044B848918F2}.Debug|x64.ActiveCfg = Debug|x64
		{F6D942C4-23E6-4FE2-960E-044B848918F2}.Debug|x64.Build.0 = Debug|x64
		{F6D942C4-23E6-4FE2-960E-044B848918F2}.Debug|x86.ActiveCfg = Debug|Win32
		{F6D942C4-23E6-4FE2-960E-044B848918F2}.Debug|x86.Build.0 = Debug|Win32
		{F6D942C4-23E6-4FE2-960E-044B848918F2}.Release|x64.ActiveCfg = Release|x64
		{F6D942C4-23E6-4FE2-960E-044B848918F2}.Release|x64.Build.0 = Release|x64
		{F6D942C4-23E6-4FE2-960E-044B848918F2}.Release|x86.ActiveCfg = Release|Win32
		{F6D942C4-23E6-4FE2-960E-044B848918F2}.Release|x86.Build.0 = Release|Win32
	EndGlobalSection
	GlobalSection(SolutionProperties) = preSolution
		HideSolutionNode = FALSE
	EndGlobalSection
	GlobalSection(ExtensibilityGlobals) = postSolution
		SolutionGuid = {A7112DFC-736B-4BDF-B8D9-8E08E520A6C8}
	EndGlobalSection
EndGlobal
