<?xml version="1.0" encoding="utf-8"?>
<Project ToolsVersion="4.0" xmlns="http://schemas.microsoft.com/developer/msbuild/2003">
  <ItemGroup>
    <Filter Include="源文件">
      <UniqueIdentifier>{4FC737F1-C7A5-4376-A066-2A32D752A2FF}</UniqueIdentifier>
      <Extensions>cpp;c;cc;cxx;c++;cppm;ixx;def;odl;idl;hpj;bat;asm;asmx</Extensions>
    </Filter>
    <Filter Include="头文件">
      <UniqueIdentifier>{93995380-89BD-4b04-88EB-625FBE52EBFB}</UniqueIdentifier>
      <Extensions>h;hh;hpp;hxx;h++;hm;inl;inc;ipp;xsd</Extensions>
    </Filter>
    <Filter Include="Kiero">
      <UniqueIdentifier>{67ef1f06-8a2f-4b8b-b969-c594f8fe3a1b}</UniqueIdentifier>
    </Filter>
    <Filter Include="Libmem">
      <UniqueIdentifier>{1f7a91d9-bcfa-46a3-9fcb-da2aea72d8a6}</UniqueIdentifier>
    </Filter>
  </ItemGroup>
  <ItemGroup>
    <ClInclude Include="..\Kiero\kiero.h">
      <Filter>Kiero</Filter>
    </ClInclude>
    <ClInclude Include="..\Libmem\libmem.h">
      <Filter>Libmem</Filter>
    </ClInclude>
    <ClInclude Include="..\Libmem\libmem.hpp">
      <Filter>Libmem</Filter>
    </ClInclude>
  </ItemGroup>
  <ItemGroup>
    <ClCompile Include="dllmain.cpp">
      <Filter>源文件</Filter>
    </ClCompile>
    <ClCompile Include="functions.cpp">
      <Filter>源文件</Filter>
    </ClCompile>
    <ClCompile Include="object.cpp">
      <Filter>源文件</Filter>
    </ClCompile>
    <ClCompile Include="orbwalker.cpp">
      <Filter>源文件</Filter>
    </ClCompile>
    <ClCompile Include="Offset.ixx">
      <Filter>头文件</Filter>
    </ClCompile>
    <ClCompile Include="Offset.cpp">
      <Filter>源文件</Filter>
    </ClCompile>
    <ClCompile Include="OrbWalker.ixx">
      <Filter>头文件</Filter>
    </ClCompile>
    <ClCompile Include="Object.ixx">
      <Filter>头文件</Filter>
    </ClCompile>
    <ClCompile Include="Function.ixx">
      <Filter>头文件</Filter>
    </ClCompile>
  </ItemGroup>
  <ItemGroup>
    <Library Include="..\Kiero\kiero.lib">
      <Filter>Kiero</Filter>
    </Library>
    <Library Include="..\Libmem\libmem.lib">
      <Filter>Libmem</Filter>
    </Library>
  </ItemGroup>
</Project>