<?xml version="1.0" encoding="utf-8"?>
<Project ToolsVersion="4.0" xmlns="http://schemas.microsoft.com/developer/msbuild/2003">
  <ItemGroup>
    <Filter Include="agent">
      <UniqueIdentifier>{67edf1eb-9aff-4950-95a8-4e28b8af4c3b}</UniqueIdentifier>
    </Filter>
    <Filter Include="class">
      <UniqueIdentifier>{2d4aa31f-1a47-4148-87c2-72ca3089edd6}</UniqueIdentifier>
    </Filter>
    <Filter Include="util">
      <UniqueIdentifier>{1ebc6793-e221-4816-8994-cf4f987d43b9}</UniqueIdentifier>
    </Filter>
  </ItemGroup>
  <ItemGroup>
    <ClCompile Include="class\object.cpp">
      <Filter>class</Filter>
    </ClCompile>
    <ClCompile Include="class\obj_list.cpp">
      <Filter>class</Filter>
    </ClCompile>
    <ClCompile Include="class\spell.cpp">
      <Filter>class</Filter>
    </ClCompile>
    <ClCompile Include="agent\script.cpp">
      <Filter>agent</Filter>
    </ClCompile>
    <ClCompile Include="agent\ui.cpp">
      <Filter>agent</Filter>
    </ClCompile>
    <ClCompile Include="dllmain.cpp" />
    <ClCompile Include="pch.cpp" />
    <ClCompile Include="hook.cpp" />
    <ClCompile Include="agent\config.cpp">
      <Filter>agent</Filter>
    </ClCompile>
    <ClCompile Include="class\function.cpp">
      <Filter>class</Filter>
    </ClCompile>
  </ItemGroup>
  <ItemGroup>
    <ClInclude Include="util\enum.hpp">
      <Filter>util</Filter>
    </ClInclude>
    <ClInclude Include="util\fnvhash.hpp">
      <Filter>util</Filter>
    </ClInclude>
    <ClInclude Include="class\object.hpp">
      <Filter>class</Filter>
    </ClInclude>
    <ClInclude Include="class\spell.hpp">
      <Filter>class</Filter>
    </ClInclude>
    <ClInclude Include="class\obj_list.hpp">
      <Filter>class</Filter>
    </ClInclude>
    <ClInclude Include="agent\script.hpp">
      <Filter>agent</Filter>
    </ClInclude>
    <ClInclude Include="agent\ui.hpp">
      <Filter>agent</Filter>
    </ClInclude>
    <ClInclude Include="pch.hpp" />
    <ClInclude Include="spoof_call.h" />
    <ClInclude Include="agent\config.hpp">
      <Filter>agent</Filter>
    </ClInclude>
    <ClInclude Include="util\helper.hpp">
      <Filter>util</Filter>
    </ClInclude>
    <ClInclude Include="class\function.hpp">
      <Filter>class</Filter>
    </ClInclude>
  </ItemGroup>
  <ItemGroup>
    <None Include="..\README.md" />
  </ItemGroup>
  <ItemGroup>
    <MASM Include="spoofer.asm" />
  </ItemGroup>
</Project>